
Microsoft Visual Studio Solution File, Format Version 12.00
# Visual Studio Version 17
VisualStudioVersion = 17.9.34728.123
MinimumVisualStudioVersion = 10.0.40219.1
Project("{FAE04EC0-301F-11D3-BF4B-00C04F79EFBC}") = "Assessment1", "Assessment1\Assessment1.csproj", "{4C18AA0F-3D8D-46CB-9ACF-54D5C2371097}"
EndProject
Global
	GlobalSection(SolutionConfigurationPlatforms) = preSolution
		Debug|Any CPU = Debug|Any CPU
		Release|Any CPU = Release|Any CPU
	EndGlobalSection
	GlobalSection(ProjectConfigurationPlatforms) = postSolution
		{4C18AA0F-3D8D-46CB-9ACF-54D5C2371097}.Debug|Any CPU.ActiveCfg = Debug|Any CPU
		{4C18AA0F-3D8D-46CB-9ACF-54D5C2371097}.Debug|Any CPU.Build.0 = Debug|Any CPU
		{4C18AA0F-3D8D-46CB-9ACF-54D5C2371097}.Release|Any CPU.ActiveCfg = Release|Any CPU
		{4C18AA0F-3D8D-46CB-9ACF-54D5C2371097}.Release|Any CPU.Build.0 = Release|Any CPU
	EndGlobalSection
	GlobalSection(SolutionProperties) = preSolution
		HideSolutionNode = FALSE
	EndGlobalSection
	GlobalSection(ExtensibilityGlobals) = postSolution
		SolutionGuid = {6B1ECA64-C060-4C0A-A62A-55F7CDDDC161}
	EndGlobalSection
EndGlobal
