
Microsoft Visual Studio Solution File, Format Version 12.00
# Visual Studio Version 17
VisualStudioVersion = 17.9.34728.123
MinimumVisualStudioVersion = 10.0.40219.1
Project("{FAE04EC0-301F-11D3-BF4B-00C04F79EFBC}") = "BasicLoopsKeyPad", "BasicLoopsKeyPad\BasicLoopsKeyPad.csproj", "{8DA2F218-386A-4F36-B73F-777B59439955}"
EndProject
Global
	GlobalSection(SolutionConfigurationPlatforms) = preSolution
		Debug|Any CPU = Debug|Any CPU
		Release|Any CPU = Release|Any CPU
	EndGlobalSection
	GlobalSection(ProjectConfigurationPlatforms) = postSolution
		{8DA2F218-386A-4F36-B73F-777B59439955}.Debug|Any CPU.ActiveCfg = Debug|Any CPU
		{8DA2F218-386A-4F36-B73F-777B59439955}.Debug|Any CPU.Build.0 = Debug|Any CPU
		{8DA2F218-386A-4F36-B73F-777B59439955}.Release|Any CPU.ActiveCfg = Release|Any CPU
		{8DA2F218-386A-4F36-B73F-777B59439955}.Release|Any CPU.Build.0 = Release|Any CPU
	EndGlobalSection
	GlobalSection(SolutionProperties) = preSolution
		HideSolutionNode = FALSE
	EndGlobalSection
	GlobalSection(ExtensibilityGlobals) = postSolution
		SolutionGuid = {6AE06B1D-0DA4-408D-8BB9-F1DEA5FA3967}
	EndGlobalSection
EndGlobal
